
Microsoft Visual Studio Solution File, Format Version 12.00
# Visual Studio Version 17
VisualStudioVersion = 17.14.36408.4
MinimumVisualStudioVersion = 10.0.40219.1
Project("{FAE04EC0-301F-11D3-BF4B-00C04F79EFBC}") = "ConsoleBasic", "ConsoleBasic\ConsoleBasic.csproj", "{CFD1684F-2B19-4B54-A4CC-5A1652E5173D}"
EndProject
Project("{FAE04EC0-301F-11D3-BF4B-00C04F79EFBC}") = "RectangleApplication", "ConsoleBasicGrammar\RectangleApplication.csproj", "{1E925E4C-4895-4A9A-AE70-F4E8193C1223}"
EndProject
Project("{FAE04EC0-301F-11D3-BF4B-00C04F79EFBC}") = "ConsoleInterface", "ConsoleInterface\ConsoleInterface.csproj", "{1581582D-BC0F-4F3E-869B-1271354C4D63}"
EndProject
Project("{FAE04EC0-301F-11D3-BF4B-00C04F79EFBC}") = "ConsoleDelegates", "ConsoleDelegates\ConsoleDelegates.csproj", "{1285D566-97E3-4D09-84E6-46D69EB67775}"
EndProject
Project("{FAE04EC0-301F-11D3-BF4B-00C04F79EFBC}") = "ConsoleDelegates2", "ConsoleDelegates2\ConsoleDelegates2.csproj", "{243AA3D9-8B07-4127-80B2-5A5AC2AAEC2F}"
EndProject
Global
	GlobalSection(SolutionConfigurationPlatforms) = preSolution
		Debug|Any CPU = Debug|Any CPU
		Release|Any CPU = Release|Any CPU
	EndGlobalSection
	GlobalSection(ProjectConfigurationPlatforms) = postSolution
		{CFD1684F-2B19-4B54-A4CC-5A1652E5173D}.Debug|Any CPU.ActiveCfg = Debug|Any CPU
		{CFD1684F-2B19-4B54-A4CC-5A1652E5173D}.Debug|Any CPU.Build.0 = Debug|Any CPU
		{CFD1684F-2B19-4B54-A4CC-5A1652E5173D}.Release|Any CPU.ActiveCfg = Release|Any CPU
		{CFD1684F-2B19-4B54-A4CC-5A1652E5173D}.Release|Any CPU.Build.0 = Release|Any CPU
		{1E925E4C-4895-4A9A-AE70-F4E8193C1223}.Debug|Any CPU.ActiveCfg = Debug|Any CPU
		{1E925E4C-4895-4A9A-AE70-F4E8193C1223}.Debug|Any CPU.Build.0 = Debug|Any CPU
		{1E925E4C-4895-4A9A-AE70-F4E8193C1223}.Release|Any CPU.ActiveCfg = Release|Any CPU
		{1E925E4C-4895-4A9A-AE70-F4E8193C1223}.Release|Any CPU.Build.0 = Release|Any CPU
		{1581582D-BC0F-4F3E-869B-1271354C4D63}.Debug|Any CPU.ActiveCfg = Debug|Any CPU
		{1581582D-BC0F-4F3E-869B-1271354C4D63}.Debug|Any CPU.Build.0 = Debug|Any CPU
		{1581582D-BC0F-4F3E-869B-1271354C4D63}.Release|Any CPU.ActiveCfg = Release|Any CPU
		{1581582D-BC0F-4F3E-869B-1271354C4D63}.Release|Any CPU.Build.0 = Release|Any CPU
		{1285D566-97E3-4D09-84E6-46D69EB67775}.Debug|Any CPU.ActiveCfg = Debug|Any CPU
		{1285D566-97E3-4D09-84E6-46D69EB67775}.Debug|Any CPU.Build.0 = Debug|Any CPU
		{1285D566-97E3-4D09-84E6-46D69EB67775}.Release|Any CPU.ActiveCfg = Release|Any CPU
		{1285D566-97E3-4D09-84E6-46D69EB67775}.Release|Any CPU.Build.0 = Release|Any CPU
		{243AA3D9-8B07-4127-80B2-5A5AC2AAEC2F}.Debug|Any CPU.ActiveCfg = Debug|Any CPU
		{243AA3D9-8B07-4127-80B2-5A5AC2AAEC2F}.Debug|Any CPU.Build.0 = Debug|Any CPU
		{243AA3D9-8B07-4127-80B2-5A5AC2AAEC2F}.Release|Any CPU.ActiveCfg = Release|Any CPU
		{243AA3D9-8B07-4127-80B2-5A5AC2AAEC2F}.Release|Any CPU.Build.0 = Release|Any CPU
	EndGlobalSection
	GlobalSection(SolutionProperties) = preSolution
		HideSolutionNode = FALSE
	EndGlobalSection
	GlobalSection(ExtensibilityGlobals) = postSolution
		SolutionGuid = {1CA42A62-4598-4BFC-AAC2-5B68B7121F28}
	EndGlobalSection
EndGlobal
